// !$*UTF8*$!
{
	archiveVersion = 1;
	classes = {
	};
	objectVersion = 50;
	objects = {

/* Begin PBXBuildFile section */
		DECC8CDA23AE091400A47FF2 /* Makefile in Sources */ = {isa = PBXBuildFile; fileRef = DECC8CD323AE091300A47FF2 /* Makefile */; };
		DECC8CDB23AE091400A47FF2 /* message_sender.c in Sources */ = {isa = PBXBuildFile; fileRef = DECC8CD523AE091400A47FF2 /* message_sender.c */; };
		DECC8CDC23AE091400A47FF2 /* message_reader.c in Sources */ = {isa = PBXBuildFile; fileRef = DECC8CD823AE091400A47FF2 /* message_reader.c */; };
		DECC8CDD23AE091400A47FF2 /* message_slot.c in Sources */ = {isa = PBXBuildFile; fileRef = DECC8CD923AE091400A47FF2 /* message_slot.c */; };
/* End PBXBuildFile section */

/* Begin PBXCopyFilesBuildPhase section */
		DECC8CC723AE08D300A47FF2 /* CopyFiles */ = {
			isa = PBXCopyFilesBuildPhase;
			buildActionMask = 2147483647;
			dstPath = /usr/share/man/man1/;
			dstSubfolderSpec = 0;
			files = (
			);
			runOnlyForDeploymentPostprocessing = 1;
		};
/* End PBXCopyFilesBuildPhase section */

/* Begin PBXFileReference section */
		DECC8CC923AE08D300A47FF2 /* exercise_33 */ = {isa = PBXFileReference; explicitFileType = "compiled.mach-o.executable"; includeInIndex = 0; path = exercise_33; sourceTree = BUILT_PRODUCTS_DIR; };
		DECC8CD323AE091300A47FF2 /* Makefile */ = {isa = PBXFileReference; fileEncoding = 4; lastKnownFileType = sourcecode.make; path = Makefile; sourceTree = "<group>"; };
		DECC8CD423AE091400A47FF2 /* message_slot.h */ = {isa = PBXFileReference; fileEncoding = 4; lastKnownFileType = sourcecode.c.h; path = message_slot.h; sourceTree = "<group>"; };
		DECC8CD523AE091400A47FF2 /* message_sender.c */ = {isa = PBXFileReference; fileEncoding = 4; lastKnownFileType = sourcecode.c.c; path = message_sender.c; sourceTree = "<group>"; };
		DECC8CD623AE091400A47FF2 /* readMe.txt */ = {isa = PBXFileReference; fileEncoding = 4; lastKnownFileType = text; path = readMe.txt; sourceTree = "<group>"; };
		DECC8CD723AE091400A47FF2 /* rec */ = {isa = PBXFileReference; lastKnownFileType = folder; path = rec; sourceTree = "<group>"; };
		DECC8CD823AE091400A47FF2 /* message_reader.c */ = {isa = PBXFileReference; fileEncoding = 4; lastKnownFileType = sourcecode.c.c; path = message_reader.c; sourceTree = "<group>"; };
		DECC8CD923AE091400A47FF2 /* message_slot.c */ = {isa = PBXFileReference; fileEncoding = 4; lastKnownFileType = sourcecode.c.c; path = message_slot.c; sourceTree = "<group>"; };
/* End PBXFileReference section */

/* Begin PBXFrameworksBuildPhase section */
		DECC8CC623AE08D300A47FF2 /* Frameworks */ = {
			isa = PBXFrameworksBuildPhase;
			buildActionMask = 2147483647;
			files = (
			);
			runOnlyForDeploymentPostprocessing = 0;
		};
/* End PBXFrameworksBuildPhase section */

/* Begin PBXGroup section */
		DECC8CC023AE08D300A47FF2 = {
			isa = PBXGroup;
			children = (
				DECC8CCB23AE08D300A47FF2 /* exercise_33 */,
				DECC8CCA23AE08D300A47FF2 /* Products */,
			);
			sourceTree = "<group>";
		};
		DECC8CCA23AE08D300A47FF2 /* Products */ = {
			isa = PBXGroup;
			children = (
				DECC8CC923AE08D300A47FF2 /* exercise_33 */,
			);
			name = Products;
			sourceTree = "<group>";
		};
		DECC8CCB23AE08D300A47FF2 /* exercise_33 */ = {
			isa = PBXGroup;
			children = (
				DECC8CD423AE091400A47FF2 /* message_slot.h */,
				DECC8CD923AE091400A47FF2 /* message_slot.c */,
				DECC8CD823AE091400A47FF2 /* message_reader.c */,
				DECC8CD523AE091400A47FF2 /* message_sender.c */,
				DECC8CD323AE091300A47FF2 /* Makefile */,
				DECC8CD623AE091400A47FF2 /* readMe.txt */,
				DECC8CD723AE091400A47FF2 /* rec */,
			);
			path = exercise_33;
			sourceTree = "<group>";
		};
/* End PBXGroup section */

/* Begin PBXNativeTarget section */
		DECC8CC823AE08D300A47FF2 /* exercise_33 */ = {
			isa = PBXNativeTarget;
			buildConfigurationList = DECC8CD023AE08D300A47FF2 /* Build configuration list for PBXNativeTarget "exercise_33" */;
			buildPhases = (
				DECC8CC523AE08D300A47FF2 /* Sources */,
				DECC8CC623AE08D300A47FF2 /* Frameworks */,
				DECC8CC723AE08D300A47FF2 /* CopyFiles */,
			);
			buildRules = (
			);
			dependencies = (
			);
			name = exercise_33;
			productName = exercise_33;
			productReference = DECC8CC923AE08D300A47FF2 /* exercise_33 */;
			productType = "com.apple.product-type.tool";
		};
/* End PBXNativeTarget section */

/* Begin PBXProject section */
		DECC8CC123AE08D300A47FF2 /* Project object */ = {
			isa = PBXProject;
			attributes = {
				LastUpgradeCheck = 1130;
				ORGANIZATIONNAME = "Nevo Raz";
				TargetAttributes = {
					DECC8CC823AE08D300A47FF2 = {
						CreatedOnToolsVersion = 11.3;
					};
				};
			};
			buildConfigurationList = DECC8CC423AE08D300A47FF2 /* Build configuration list for PBXProject "exercise_33" */;
			compatibilityVersion = "Xcode 9.3";
			developmentRegion = en;
			hasScannedForEncodings = 0;
			knownRegions = (
				en,
				Base,
			);
			mainGroup = DECC8CC023AE08D300A47FF2;
			productRefGroup = DECC8CCA23AE08D300A47FF2 /* Products */;
			projectDirPath = "";
			projectRoot = "";
			targets = (
				DECC8CC823AE08D300A47FF2 /* exercise_33 */,
			);
		};
/* End PBXProject section */

/* Begin PBXSourcesBuildPhase section */
		DECC8CC523AE08D300A47FF2 /* Sources */ = {
			isa = PBXSourcesBuildPhase;
			buildActionMask = 2147483647;
			files = (
				DECC8CDC23AE091400A47FF2 /* message_reader.c in Sources */,
				DECC8CDD23AE091400A47FF2 /* message_slot.c in Sources */,
				DECC8CDB23AE091400A47FF2 /* message_sender.c in Sources */,
				DECC8CDA23AE091400A47FF2 /* Makefile in Sources */,
			);
			runOnlyForDeploymentPostprocessing = 0;
		};
/* End PBXSourcesBuildPhase section */

/* Begin XCBuildConfiguration section */
		DECC8CCE23AE08D300A47FF2 /* Debug */ = {
			isa = XCBuildConfiguration;
			buildSettings = {
				ALWAYS_SEARCH_USER_PATHS = NO;
				CLANG_ANALYZER_NONNULL = YES;
				CLANG_ANALYZER_NUMBER_OBJECT_CONVERSION = YES_AGGRESSIVE;
				CLANG_CXX_LANGUAGE_STANDARD = "gnu++14";
				CLANG_CXX_LIBRARY = "libc++";
				CLANG_ENABLE_MODULES = YES;
				CLANG_ENABLE_OBJC_ARC = YES;
				CLANG_ENABLE_OBJC_WEAK = YES;
				CLANG_WARN_BLOCK_CAPTURE_AUTORELEASING = YES;
				CLANG_WARN_BOOL_CONVERSION = YES;
				CLANG_WARN_COMMA = YES;
				CLANG_WARN_CONSTANT_CONVERSION = YES;
				CLANG_WARN_DEPRECATED_OBJC_IMPLEMENTATIONS = YES;
				CLANG_WARN_DIRECT_OBJC_ISA_USAGE = YES_ERROR;
				CLANG_WARN_DOCUMENTATION_COMMENTS = YES;
				CLANG_WARN_EMPTY_BODY = YES;
				CLANG_WARN_ENUM_CONVERSION = YES;
				CLANG_WARN_INFINITE_RECURSION = YES;
				CLANG_WARN_INT_CONVERSION = YES;
				CLANG_WARN_NON_LITERAL_NULL_CONVERSION = YES;
				CLANG_WARN_OBJC_IMPLICIT_RETAIN_SELF = YES;
				CLANG_WARN_OBJC_LITERAL_CONVERSION = YES;
				CLANG_WARN_OBJC_ROOT_CLASS = YES_ERROR;
				CLANG_WARN_RANGE_LOOP_ANALYSIS = YES;
				CLANG_WARN_STRICT_PROTOTYPES = YES;
				CLANG_WARN_SUSPICIOUS_MOVE = YES;
				CLANG_WARN_UNGUARDED_AVAILABILITY = YES_AGGRESSIVE;
				CLANG_WARN_UNREACHABLE_CODE = YES;
				CLANG_WARN__DUPLICATE_METHOD_MATCH = YES;
				COPY_PHASE_STRIP = NO;
				DEBUG_INFORMATION_FORMAT = dwarf;
				ENABLE_STRICT_OBJC_MSGSEND = YES;
				ENABLE_TESTABILITY = YES;
				GCC_C_LANGUAGE_STANDARD = gnu11;
				GCC_DYNAMIC_NO_PIC = NO;
				GCC_NO_COMMON_BLOCKS = YES;
				GCC_OPTIMIZATION_LEVEL = 0;
				GCC_PREPROCESSOR_DEFINITIONS = (
					"DEBUG=1",
					"$(inherited)",
				);
				GCC_WARN_64_TO_32_BIT_CONVERSION = YES;
				GCC_WARN_ABOUT_RETURN_TYPE = YES_ERROR;
				GCC_WARN_UNDECLARED_SELECTOR = YES;
				GCC_WARN_UNINITIALIZED_AUTOS = YES_AGGRESSIVE;
				GCC_WARN_UNUSED_FUNCTION = YES;
				GCC_WARN_UNUSED_VARIABLE = YES;
				MACOSX_DEPLOYMENT_TARGET = 10.15;
				MTL_ENABLE_DEBUG_INFO = INCLUDE_SOURCE;
				MTL_FAST_MATH = YES;
				ONLY_ACTIVE_ARCH = YES;
				SDKROOT = macosx;
			};
			name = Debug;
		};
		DECC8CCF23AE08D300A47FF2 /* Release */ = {
			isa = XCBuildConfiguration;
			buildSettings = {
				ALWAYS_SEARCH_USER_PATHS = NO;
				CLANG_ANALYZER_NONNULL = YES;
				CLANG_ANALYZER_NUMBER_OBJECT_CONVERSION = YES_AGGRESSIVE;
				CLANG_CXX_LANGUAGE_STANDARD = "gnu++14";
				CLANG_CXX_LIBRARY = "libc++";
				CLANG_ENABLE_MODULES = YES;
				CLANG_ENABLE_OBJC_ARC = YES;
				CLANG_ENABLE_OBJC_WEAK = YES;
				CLANG_WARN_BLOCK_CAPTURE_AUTORELEASING = YES;
				CLANG_WARN_BOOL_CONVERSION = YES;
				CLANG_WARN_COMMA = YES;
				CLANG_WARN_CONSTANT_CONVERSION = YES;
				CLANG_WARN_DEPRECATED_OBJC_IMPLEMENTATIONS = YES;
				CLANG_WARN_DIRECT_OBJC_ISA_USAGE = YES_ERROR;
				CLANG_WARN_DOCUMENTATION_COMMENTS = YES;
				CLANG_WARN_EMPTY_BODY = YES;
				CLANG_WARN_ENUM_CONVERSION = YES;
				CLANG_WARN_INFINITE_RECURSION = YES;
				CLANG_WARN_INT_CONVERSION = YES;
				CLANG_WARN_NON_LITERAL_NULL_CONVERSION = YES;
				CLANG_WARN_OBJC_IMPLICIT_RETAIN_SELF = YES;
				CLANG_WARN_OBJC_LITERAL_CONVERSION = YES;
				CLANG_WARN_OBJC_ROOT_CLASS = YES_ERROR;
				CLANG_WARN_RANGE_LOOP_ANALYSIS = YES;
				CLANG_WARN_STRICT_PROTOTYPES = YES;
				CLANG_WARN_SUSPICIOUS_MOVE = YES;
				CLANG_WARN_UNGUARDED_AVAILABILITY = YES_AGGRESSIVE;
				CLANG_WARN_UNREACHABLE_CODE = YES;
				CLANG_WARN__DUPLICATE_METHOD_MATCH = YES;
				COPY_PHASE_STRIP = NO;
				DEBUG_INFORMATION_FORMAT = "dwarf-with-dsym";
				ENABLE_NS_ASSERTIONS = NO;
				ENABLE_STRICT_OBJC_MSGSEND = YES;
				GCC_C_LANGUAGE_STANDARD = gnu11;
				GCC_NO_COMMON_BLOCKS = YES;
				GCC_WARN_64_TO_32_BIT_CONVERSION = YES;
				GCC_WARN_ABOUT_RETURN_TYPE = YES_ERROR;
				GCC_WARN_UNDECLARED_SELECTOR = YES;
				GCC_WARN_UNINITIALIZED_AUTOS = YES_AGGRESSIVE;
				GCC_WARN_UNUSED_FUNCTION = YES;
				GCC_WARN_UNUSED_VARIABLE = YES;
				MACOSX_DEPLOYMENT_TARGET = 10.15;
				MTL_ENABLE_DEBUG_INFO = NO;
				MTL_FAST_MATH = YES;
				SDKROOT = macosx;
			};
			name = Release;
		};
		DECC8CD123AE08D300A47FF2 /* Debug */ = {
			isa = XCBuildConfiguration;
			buildSettings = {
				CODE_SIGN_STYLE = Automatic;
				PRODUCT_NAME = "$(TARGET_NAME)";
			};
			name = Debug;
		};
		DECC8CD223AE08D300A47FF2 /* Release */ = {
			isa = XCBuildConfiguration;
			buildSettings = {
				CODE_SIGN_STYLE = Automatic;
				PRODUCT_NAME = "$(TARGET_NAME)";
			};
			name = Release;
		};
/* End XCBuildConfiguration section */

/* Begin XCConfigurationList section */
		DECC8CC423AE08D300A47FF2 /* Build configuration list for PBXProject "exercise_33" */ = {
			isa = XCConfigurationList;
			buildConfigurations = (
				DECC8CCE23AE08D300A47FF2 /* Debug */,
				DECC8CCF23AE08D300A47FF2 /* Release */,
			);
			defaultConfigurationIsVisible = 0;
			defaultConfigurationName = Release;
		};
		DECC8CD023AE08D300A47FF2 /* Build configuration list for PBXNativeTarget "exercise_33" */ = {
			isa = XCConfigurationList;
			buildConfigurations = (
				DECC8CD123AE08D300A47FF2 /* Debug */,
				DECC8CD223AE08D300A47FF2 /* Release */,
			);
			defaultConfigurationIsVisible = 0;
			defaultConfigurationName = Release;
		};
/* End XCConfigurationList section */
	};
	rootObject = DECC8CC123AE08D300A47FF2 /* Project object */;
}
